<?xml version="1.0" encoding="utf-8"?>
<Project ToolsVersion="4.0" xmlns="http://schemas.microsoft.com/developer/msbuild/2003">
  <ItemGroup>
    <Filter Include="Res">
      <UniqueIdentifier>{9d753d29-4e05-4ce7-aed0-e9be9efb4fba}</UniqueIdentifier>
    </Filter>
    <Filter Include="src">
      <UniqueIdentifier>{0e0b50e2-658c-4280-93d2-b058d93ac10b}</UniqueIdentifier>
    </Filter>
    <Filter Include="Docs">
      <UniqueIdentifier>{ca62219b-729f-4a4f-9876-6b21c20f1fd0}</UniqueIdentifier>
    </Filter>
    <Filter Include="src\Entity">
      <UniqueIdentifier>{9d941605-6058-4bed-a081-28a5f13b3c58}</UniqueIdentifier>
    </Filter>
    <Filter Include="src\Config">
      <UniqueIdentifier>{5b044adf-8d48-4294-9d49-fa5a9d166653}</UniqueIdentifier>
    </Filter>
  </ItemGroup>
  <ItemGroup>
    <None Include="Core512.ico" />
    <None Include="Core512.ini" />
    <None Include="Docs\Coding.txt">
      <Filter>Docs</Filter>
    </None>
    <None Include="Docs\Tasks.txt">
      <Filter>Docs</Filter>
    </None>
    <None Include="Res\Background1.png">
      <Filter>Res</Filter>
    </None>
    <None Include="Res\Background2.png">
      <Filter>Res</Filter>
    </None>
    <None Include="Res\Background3.png">
      <Filter>Res</Filter>
    </None>
    <None Include="Res\Background4.png">
      <Filter>Res</Filter>
    </None>
    <None Include="Res\Background5.png">
      <Filter>Res</Filter>
    </None>
    <None Include="Res\Block.png">
      <Filter>Res</Filter>
    </None>
    <None Include="Res\Body.png">
      <Filter>Res</Filter>
    </None>
    <None Include="Res\Explosion.png">
      <Filter>Res</Filter>
    </None>
    <None Include="Res\HgeFont.fnt">
      <Filter>Res</Filter>
    </None>
    <None Include="Res\HgeFont.png">
      <Filter>Res</Filter>
    </None>
    <None Include="Res\Particle.png">
      <Filter>Res</Filter>
    </None>
    <None Include="Res\Ship.png">
      <Filter>Res</Filter>
    </None>
  </ItemGroup>
  <ItemGroup>
    <ClInclude Include="src\CoreDefs.h">
      <Filter>src</Filter>
    </ClInclude>
    <ClInclude Include="src\CoreResource.h">
      <Filter>src</Filter>
    </ClInclude>
    <ClInclude Include="src\CoreSystem.h">
      <Filter>src</Filter>
    </ClInclude>
    <ClInclude Include="src\CoreTexture.h">
      <Filter>src</Filter>
    </ClInclude>
    <ClInclude Include="src\CoreInput.h">
      <Filter>src</Filter>
    </ClInclude>
    <ClInclude Include="src\CoreBody.h">
      <Filter>src\Entity</Filter>
    </ClInclude>
    <ClInclude Include="src\CoreDynBody.h">
      <Filter>src\Entity</Filter>
    </ClInclude>
    <ClInclude Include="src\CoreRect.h">
      <Filter>src\Entity</Filter>
    </ClInclude>
    <ClInclude Include="src\CoreVector.h">
      <Filter>src\Entity</Filter>
    </ClInclude>
    <ClInclude Include="src\CoreRotBody.h">
      <Filter>src\Entity</Filter>
    </ClInclude>
    <ClInclude Include="src\CoreFileINI.h">
      <Filter>src\Config</Filter>
    </ClInclude>
    <ClInclude Include="src\CoreConfig.h">
      <Filter>src\Config</Filter>
    </ClInclude>
    <ClInclude Include="src\CoreErrExit.h">
      <Filter>src</Filter>
    </ClInclude>
  </ItemGroup>
  <ItemGroup>
    <ClCompile Include="src\CoreResource.cpp">
      <Filter>src</Filter>
    </ClCompile>
    <ClCompile Include="src\CoreSystem.cpp">
      <Filter>src</Filter>
    </ClCompile>
    <ClCompile Include="src\CoreTexture.cpp">
      <Filter>src</Filter>
    </ClCompile>
    <ClCompile Include="src\Core512.cpp">
      <Filter>src</Filter>
    </ClCompile>
    <ClCompile Include="src\CoreInput.cpp">
      <Filter>src</Filter>
    </ClCompile>
    <ClCompile Include="src\CoreBody.cpp">
      <Filter>src\Entity</Filter>
    </ClCompile>
    <ClCompile Include="src\CoreDynBody.cpp">
      <Filter>src\Entity</Filter>
    </ClCompile>
    <ClCompile Include="src\CoreRect.cpp">
      <Filter>src\Entity</Filter>
    </ClCompile>
    <ClCompile Include="src\CoreVector.cpp">
      <Filter>src\Entity</Filter>
    </ClCompile>
    <ClCompile Include="src\CoreRotBody.cpp">
      <Filter>src\Entity</Filter>
    </ClCompile>
    <ClCompile Include="src\CoreFileINI.cpp">
      <Filter>src\Config</Filter>
    </ClCompile>
    <ClCompile Include="src\CoreConfig.cpp">
      <Filter>src\Config</Filter>
    </ClCompile>
    <ClCompile Include="src\CoreErrExit.cpp">
      <Filter>src</Filter>
    </ClCompile>
  </ItemGroup>
  <ItemGroup>
    <ResourceCompile Include="Core512.rc" />
  </ItemGroup>
</Project>