<?xml version="1.0" encoding="utf-8"?>
<Project ToolsVersion="4.0" xmlns="http://schemas.microsoft.com/developer/msbuild/2003">
  <ItemGroup>
    <Filter Include="Res">
      <UniqueIdentifier>{9d753d29-4e05-4ce7-aed0-e9be9efb4fba}</UniqueIdentifier>
    </Filter>
    <Filter Include="doc">
      <UniqueIdentifier>{402a3d07-9667-48ff-a754-4222039e4b08}</UniqueIdentifier>
    </Filter>
    <Filter Include="src">
      <UniqueIdentifier>{0e0b50e2-658c-4280-93d2-b058d93ac10b}</UniqueIdentifier>
    </Filter>
  </ItemGroup>
  <ItemGroup>
    <None Include="Res\Ship.png">
      <Filter>Res</Filter>
    </None>
    <None Include="doc\Tasks.txt">
      <Filter>doc</Filter>
    </None>
    <None Include="Res\Body.png">
      <Filter>Res</Filter>
    </None>
    <None Include="Res\Background1.png">
      <Filter>Res</Filter>
    </None>
    <None Include="Res\Background2.png">
      <Filter>Res</Filter>
    </None>
    <None Include="Res\Background3.png">
      <Filter>Res</Filter>
    </None>
    <None Include="Res\Background4.png">
      <Filter>Res</Filter>
    </None>
    <None Include="Res\Background5.png">
      <Filter>Res</Filter>
    </None>
    <None Include="Res\HgeFont.png">
      <Filter>Res</Filter>
    </None>
    <None Include="Res\HgeFont.fnt">
      <Filter>Res</Filter>
    </None>
    <None Include="Res\Particle.png">
      <Filter>Res</Filter>
    </None>
    <None Include="Core512.ico" />
    <None Include="Core512.ini" />
  </ItemGroup>
  <ItemGroup>
    <ResourceCompile Include="WinRes.rc" />
  </ItemGroup>
  <ItemGroup>
    <ClInclude Include="src\Body.h">
      <Filter>src</Filter>
    </ClInclude>
    <ClInclude Include="src\Config.h">
      <Filter>src</Filter>
    </ClInclude>
    <ClInclude Include="src\Core512.h">
      <Filter>src</Filter>
    </ClInclude>
    <ClInclude Include="src\DynBody.h">
      <Filter>src</Filter>
    </ClInclude>
    <ClInclude Include="src\ErrExit.h">
      <Filter>src</Filter>
    </ClInclude>
    <ClInclude Include="src\ErrExitHGE.h">
      <Filter>src</Filter>
    </ClInclude>
    <ClInclude Include="src\FileINI.h">
      <Filter>src</Filter>
    </ClInclude>
    <ClInclude Include="src\Input.h">
      <Filter>src</Filter>
    </ClInclude>
    <ClInclude Include="src\Music.h">
      <Filter>src</Filter>
    </ClInclude>
    <ClInclude Include="src\Particle.h">
      <Filter>src</Filter>
    </ClInclude>
    <ClInclude Include="src\Rect.h">
      <Filter>src</Filter>
    </ClInclude>
    <ClInclude Include="src\Resources.h">
      <Filter>src</Filter>
    </ClInclude>
    <ClInclude Include="src\Ship.h">
      <Filter>src</Filter>
    </ClInclude>
    <ClInclude Include="src\TextOut.h">
      <Filter>src</Filter>
    </ClInclude>
    <ClInclude Include="src\Texture.h">
      <Filter>src</Filter>
    </ClInclude>
    <ClInclude Include="src\Tools.h">
      <Filter>src</Filter>
    </ClInclude>
    <ClInclude Include="src\Vertex.h">
      <Filter>src</Filter>
    </ClInclude>
    <ClInclude Include="src\Background.h">
      <Filter>src</Filter>
    </ClInclude>
  </ItemGroup>
  <ItemGroup>
    <ClCompile Include="src\Config.cpp">
      <Filter>src</Filter>
    </ClCompile>
    <ClCompile Include="src\Core512.cpp">
      <Filter>src</Filter>
    </ClCompile>
    <ClCompile Include="src\DynBody.cpp">
      <Filter>src</Filter>
    </ClCompile>
    <ClCompile Include="src\ErrExit.cpp">
      <Filter>src</Filter>
    </ClCompile>
    <ClCompile Include="src\FileINI.cpp">
      <Filter>src</Filter>
    </ClCompile>
    <ClCompile Include="src\Input.cpp">
      <Filter>src</Filter>
    </ClCompile>
    <ClCompile Include="src\Music.cpp">
      <Filter>src</Filter>
    </ClCompile>
    <ClCompile Include="src\Particle.cpp">
      <Filter>src</Filter>
    </ClCompile>
    <ClCompile Include="src\Rect.cpp">
      <Filter>src</Filter>
    </ClCompile>
    <ClCompile Include="src\Resources.cpp">
      <Filter>src</Filter>
    </ClCompile>
    <ClCompile Include="src\Ship.cpp">
      <Filter>src</Filter>
    </ClCompile>
    <ClCompile Include="src\TextOut.cpp">
      <Filter>src</Filter>
    </ClCompile>
    <ClCompile Include="src\Texture.cpp">
      <Filter>src</Filter>
    </ClCompile>
    <ClCompile Include="src\Tools.cpp">
      <Filter>src</Filter>
    </ClCompile>
    <ClCompile Include="src\Vertex.cpp">
      <Filter>src</Filter>
    </ClCompile>
    <ClCompile Include="src\Background.cpp">
      <Filter>src</Filter>
    </ClCompile>
    <ClCompile Include="src\Body.cpp">
      <Filter>src</Filter>
    </ClCompile>
  </ItemGroup>
</Project>